
Microsoft Visual Studio Solution File, Format Version 12.00
# Visual Studio Version 17
VisualStudioVersion = 17.3.32804.467
MinimumVisualStudioVersion = 10.0.40219.1
Project("{FAE04EC0-301F-11D3-BF4B-00C04F79EFBC}") = "MySuperBank", "MySuperBank.csproj", "{A25AE95E-9270-4214-A214-52CFBC8E7793}"
EndProject
Global
	GlobalSection(SolutionConfigurationPlatforms) = preSolution
		Debug|Any CPU = Debug|Any CPU
		Release|Any CPU = Release|Any CPU
	EndGlobalSection
	GlobalSection(ProjectConfigurationPlatforms) = postSolution
		{A25AE95E-9270-4214-A214-52CFBC8E7793}.Debug|Any CPU.ActiveCfg = Debug|Any CPU
		{A25AE95E-9270-4214-A214-52CFBC8E7793}.Debug|Any CPU.Build.0 = Debug|Any CPU
		{A25AE95E-9270-4214-A214-52CFBC8E7793}.Release|Any CPU.ActiveCfg = Release|Any CPU
		{A25AE95E-9270-4214-A214-52CFBC8E7793}.Release|Any CPU.Build.0 = Release|Any CPU
	EndGlobalSection
	GlobalSection(SolutionProperties) = preSolution
		HideSolutionNode = FALSE
	EndGlobalSection
	GlobalSection(ExtensibilityGlobals) = postSolution
		SolutionGuid = {7ECB4F55-AFBB-4489-810A-2B5C34031A5B}
	EndGlobalSection
EndGlobal
